
Microsoft Visual Studio Solution File, Format Version 12.00
# Visual Studio Version 17
VisualStudioVersion = 17.5.33516.290
MinimumVisualStudioVersion = 10.0.40219.1
Project("{FAE04EC0-301F-11D3-BF4B-00C04F79EFBC}") = "AZ-204-AzureFunction", "AZ-204-AzureFunction.csproj", "{069DC4FE-A718-474A-A056-85FE5320156F}"
EndProject
Project("{FAE04EC0-301F-11D3-BF4B-00C04F79EFBC}") = "AzureFunctionApp", "..\AzureFunctionApp\AzureFunctionApp.csproj", "{728CEAA4-117E-4336-8D8A-C82130D4396D}"
EndProject
Global
	GlobalSection(SolutionConfigurationPlatforms) = preSolution
		Debug|Any CPU = Debug|Any CPU
		Release|Any CPU = Release|Any CPU
	EndGlobalSection
	GlobalSection(ProjectConfigurationPlatforms) = postSolution
		{069DC4FE-A718-474A-A056-85FE5320156F}.Debug|Any CPU.ActiveCfg = Debug|Any CPU
		{069DC4FE-A718-474A-A056-85FE5320156F}.Debug|Any CPU.Build.0 = Debug|Any CPU
		{069DC4FE-A718-474A-A056-85FE5320156F}.Release|Any CPU.ActiveCfg = Release|Any CPU
		{069DC4FE-A718-474A-A056-85FE5320156F}.Release|Any CPU.Build.0 = Release|Any CPU
		{728CEAA4-117E-4336-8D8A-C82130D4396D}.Debug|Any CPU.ActiveCfg = Debug|Any CPU
		{728CEAA4-117E-4336-8D8A-C82130D4396D}.Debug|Any CPU.Build.0 = Debug|Any CPU
		{728CEAA4-117E-4336-8D8A-C82130D4396D}.Release|Any CPU.ActiveCfg = Release|Any CPU
		{728CEAA4-117E-4336-8D8A-C82130D4396D}.Release|Any CPU.Build.0 = Release|Any CPU
	EndGlobalSection
	GlobalSection(SolutionProperties) = preSolution
		HideSolutionNode = FALSE
	EndGlobalSection
	GlobalSection(ExtensibilityGlobals) = postSolution
		SolutionGuid = {540A94F3-BC80-4080-A3FD-4BDC7ACBF8A8}
	EndGlobalSection
EndGlobal
